<?xml version="1.0" encoding="utf-8"?>
<Project ToolsVersion="4.0" xmlns="http://schemas.microsoft.com/developer/msbuild/2003">
  <ItemGroup>
    <Filter Include="Source Files">
      <UniqueIdentifier>{4FC737F1-C7A5-4376-A066-2A32D752A2FF}</UniqueIdentifier>
      <Extensions>cpp;c;cc;cxx;c++;cppm;ixx;def;odl;idl;hpj;bat;asm;asmx</Extensions>
    </Filter>
    <Filter Include="Header Files">
      <UniqueIdentifier>{93995380-89BD-4b04-88EB-625FBE52EBFB}</UniqueIdentifier>
      <Extensions>h;hh;hpp;hxx;h++;hm;inl;inc;ipp;xsd</Extensions>
    </Filter>
    <Filter Include="Resource Files">
      <UniqueIdentifier>{67DA6AB6-F800-4c08-8B7A-83BB121AAD01}</UniqueIdentifier>
      <Extensions>rc;ico;cur;bmp;dlg;rc2;rct;bin;rgs;gif;jpg;jpeg;jpe;resx;tiff;tif;png;wav;mfcribbon-ms</Extensions>
    </Filter>
    <Filter Include="Header Files\Control">
      <UniqueIdentifier>{ed710912-152c-4fc6-a614-1f8b80eea778}</UniqueIdentifier>
    </Filter>
  </ItemGroup>
  <ItemGroup>
    <ClCompile Include="..\..\..\code\!main.cpp">
      <Filter>Source Files</Filter>
    </ClCompile>
    <ClCompile Include="..\..\..\code\device_console.cpp">
      <Filter>Source Files</Filter>
    </ClCompile>
    <ClCompile Include="..\..\..\code\control\resurces.cpp">
      <Filter>Header Files\Control</Filter>
    </ClCompile>
  </ItemGroup>
  <ItemGroup>
    <ClInclude Include="..\..\..\code\config.h">
      <Filter>Header Files</Filter>
    </ClInclude>
    <ClInclude Include="..\..\..\code\figure.h">
      <Filter>Header Files</Filter>
    </ClInclude>
    <ClInclude Include="..\..\..\code\game.h">
      <Filter>Header Files</Filter>
    </ClInclude>
    <ClInclude Include="..\..\..\code\idevice.h">
      <Filter>Header Files</Filter>
    </ClInclude>
    <ClInclude Include="..\..\..\code\infopanel.h">
      <Filter>Header Files</Filter>
    </ClInclude>
    <ClInclude Include="..\..\..\code\keyboard.h">
      <Filter>Header Files</Filter>
    </ClInclude>
    <ClInclude Include="..\..\..\code\korzina.h">
      <Filter>Header Files</Filter>
    </ClInclude>
    <ClInclude Include="..\..\..\code\myl.h">
      <Filter>Header Files</Filter>
    </ClInclude>
    <ClInclude Include="..\..\..\code\tests.h">
      <Filter>Header Files</Filter>
    </ClInclude>
    <ClInclude Include="..\..\..\code\vscr.h">
      <Filter>Header Files</Filter>
    </ClInclude>
    <ClInclude Include="..\..\..\code\control\arbiter.h">
      <Filter>Header Files\Control</Filter>
    </ClInclude>
    <ClInclude Include="..\..\..\code\control\menu.h">
      <Filter>Header Files\Control</Filter>
    </ClInclude>
    <ClInclude Include="..\..\..\code\control\player.h">
      <Filter>Header Files\Control</Filter>
    </ClInclude>
    <ClInclude Include="..\..\..\code\control\program.h">
      <Filter>Header Files\Control</Filter>
    </ClInclude>
    <ClInclude Include="..\..\..\code\control\resurces.h">
      <Filter>Header Files\Control</Filter>
    </ClInclude>
    <ClInclude Include="..\..\..\code\control\scenaries.h">
      <Filter>Header Files\Control</Filter>
    </ClInclude>
    <ClInclude Include="..\..\..\code\control\timer.h">
      <Filter>Header Files\Control</Filter>
    </ClInclude>
    <ClInclude Include="..\..\..\code\control\toplist.h">
      <Filter>Header Files\Control</Filter>
    </ClInclude>
    <ClInclude Include="..\..\..\code\control\tp.h">
      <Filter>Header Files\Control</Filter>
    </ClInclude>
  </ItemGroup>
  <ItemGroup>
    <None Include="..\..\..\code\README.md" />
  </ItemGroup>
  <ItemGroup>
    <Text Include="..\..\..\code\control\!note.txt">
      <Filter>Header Files\Control</Filter>
    </Text>
  </ItemGroup>
</Project>