<?xml version="1.0" encoding="UTF-8" standalone="yes" ?>
<CodeBlocks_project_file>
	<FileVersion major="1" minor="6" />
	<Project>
		<Option title="forJurnal" />
		<Option pch_mode="2" />
		<Option compiler="gcc" />
		<Build>
			<Target title="bin\">
				<Option output="bin/forJurnal" prefix_auto="1" extension_auto="1" />
				<Option working_dir="bin/" />
				<Option object_output="obj/" />
				<Option type="1" />
				<Option compiler="gcc" />
				<Compiler>
					<Add option="-O2" />
				</Compiler>
				<Linker>
					<Add option="-s" />
					<Add option="-static" />
				</Linker>
			</Target>
		</Build>
		<Compiler>
			<Add option="-Wall" />
			<Add option="-fexceptions" />
		</Compiler>
		<Unit filename="bin/scenaries.txt" />
		<Unit filename="code/!main.cpp" />
		<Unit filename="code/README.md" />
		<Unit filename="code/config.h" />
		<Unit filename="code/control/arbiter.h" />
		<Unit filename="code/control/menu.h" />
		<Unit filename="code/control/player.h" />
		<Unit filename="code/control/program.h" />
		<Unit filename="code/control/resurces.cpp" />
		<Unit filename="code/control/resurces.h" />
		<Unit filename="code/control/scenaries.h" />
		<Unit filename="code/control/timer.h" />
		<Unit filename="code/control/toplist.h" />
		<Unit filename="code/device_console.cpp" />
		<Unit filename="code/figure.h" />
		<Unit filename="code/game.h" />
		<Unit filename="code/idevice.h" />
		<Unit filename="code/infopanel.h" />
		<Unit filename="code/keyboard.h" />
		<Unit filename="code/korzina.h" />
		<Unit filename="code/myl.h" />
		<Unit filename="code/tests.h" />
		<Unit filename="code/vscr.h" />
		<Extensions>
			<lib_finder disable_auto="1" />
		</Extensions>
	</Project>
</CodeBlocks_project_file>
