<?xml version="1.0" encoding="utf-8"?>
<Project ToolsVersion="4.0" xmlns="http://schemas.microsoft.com/developer/msbuild/2003">
  <ItemGroup>
    <Filter Include="Source Files">
      <UniqueIdentifier>{4FC737F1-C7A5-4376-A066-2A32D752A2FF}</UniqueIdentifier>
      <Extensions>cpp;c;cc;cxx;c++;cppm;ixx;def;odl;idl;hpj;bat;asm;asmx</Extensions>
    </Filter>
    <Filter Include="Header Files">
      <UniqueIdentifier>{93995380-89BD-4b04-88EB-625FBE52EBFB}</UniqueIdentifier>
      <Extensions>h;hh;hpp;hxx;h++;hm;inl;inc;ipp;xsd</Extensions>
    </Filter>
    <Filter Include="Resource Files">
      <UniqueIdentifier>{67DA6AB6-F800-4c08-8B7A-83BB121AAD01}</UniqueIdentifier>
      <Extensions>rc;ico;cur;bmp;dlg;rc2;rct;bin;rgs;gif;jpg;jpeg;jpe;resx;tiff;tif;png;wav;mfcribbon-ms</Extensions>
    </Filter>
    <Filter Include="Source Files\control">
      <UniqueIdentifier>{5ce3f735-50d1-4de0-88de-16359d26ec9b}</UniqueIdentifier>
    </Filter>
  </ItemGroup>
  <ItemGroup>
    <ClCompile Include="..\..\forJurnal\code\!main.cpp">
      <Filter>Source Files</Filter>
    </ClCompile>
    <ClCompile Include="..\..\forJurnal\code\device_console.cpp">
      <Filter>Source Files</Filter>
    </ClCompile>
    <ClCompile Include="..\..\forJurnal\code\control\resurces.cpp">
      <Filter>Source Files\control</Filter>
    </ClCompile>
  </ItemGroup>
  <ItemGroup>
    <ClInclude Include="..\..\forJurnal\code\config.h">
      <Filter>Source Files</Filter>
    </ClInclude>
    <ClInclude Include="..\..\forJurnal\code\figure.h">
      <Filter>Source Files</Filter>
    </ClInclude>
    <ClInclude Include="..\..\forJurnal\code\game.h">
      <Filter>Source Files</Filter>
    </ClInclude>
    <ClInclude Include="..\..\forJurnal\code\idevice.h">
      <Filter>Source Files</Filter>
    </ClInclude>
    <ClInclude Include="..\..\forJurnal\code\infopanel.h">
      <Filter>Source Files</Filter>
    </ClInclude>
    <ClInclude Include="..\..\forJurnal\code\keyboard.h">
      <Filter>Source Files</Filter>
    </ClInclude>
    <ClInclude Include="..\..\forJurnal\code\korzina.h">
      <Filter>Source Files</Filter>
    </ClInclude>
    <ClInclude Include="..\..\forJurnal\code\myl.h">
      <Filter>Source Files</Filter>
    </ClInclude>
    <ClInclude Include="..\..\forJurnal\code\tests.h">
      <Filter>Source Files</Filter>
    </ClInclude>
    <ClInclude Include="..\..\forJurnal\code\vscr.h">
      <Filter>Source Files</Filter>
    </ClInclude>
    <ClInclude Include="..\..\forJurnal\code\control\arbiter.h">
      <Filter>Source Files\control</Filter>
    </ClInclude>
    <ClInclude Include="..\..\forJurnal\code\control\menu.h">
      <Filter>Source Files\control</Filter>
    </ClInclude>
    <ClInclude Include="..\..\forJurnal\code\control\player.h">
      <Filter>Source Files\control</Filter>
    </ClInclude>
    <ClInclude Include="..\..\forJurnal\code\control\program.h">
      <Filter>Source Files\control</Filter>
    </ClInclude>
    <ClInclude Include="..\..\forJurnal\code\control\resurces.h">
      <Filter>Source Files\control</Filter>
    </ClInclude>
    <ClInclude Include="..\..\forJurnal\code\control\scenaries.h">
      <Filter>Source Files\control</Filter>
    </ClInclude>
    <ClInclude Include="..\..\forJurnal\code\control\timer.h">
      <Filter>Source Files\control</Filter>
    </ClInclude>
    <ClInclude Include="..\..\forJurnal\code\control\toplist.h">
      <Filter>Source Files\control</Filter>
    </ClInclude>
  </ItemGroup>
  <ItemGroup>
    <None Include="..\..\forJurnal\code\README.md">
      <Filter>Source Files</Filter>
    </None>
  </ItemGroup>
  <ItemGroup>
    <Text Include="..\..\forJurnal\code\control\!note.txt">
      <Filter>Source Files\control</Filter>
    </Text>
  </ItemGroup>
</Project>